
Microsoft Visual Studio Solution File, Format Version 10.00
# Visual Studio 2008
Project("{FAE04EC0-301F-11D3-BF4B-00C04F79EFBC}") = "Glorg2", "Glorg2\Glorg2.csproj", "{4E812102-5FE8-4F84-B320-BDF973A782D6}"
EndProject
Project("{FAE04EC0-301F-11D3-BF4B-00C04F79EFBC}") = "GlorgTest", "GlorgTest\GlorgTest.csproj", "{AEC556FD-B394-4379-90E2-85BCA6B31A65}"
EndProject
Global
	GlobalSection(SolutionConfigurationPlatforms) = preSolution
		Debug|Any CPU = Debug|Any CPU
		Release|Any CPU = Release|Any CPU
	EndGlobalSection
	GlobalSection(ProjectConfigurationPlatforms) = postSolution
		{4E812102-5FE8-4F84-B320-BDF973A782D6}.Debug|Any CPU.ActiveCfg = Debug|Any CPU
		{4E812102-5FE8-4F84-B320-BDF973A782D6}.Debug|Any CPU.Build.0 = Debug|Any CPU
		{4E812102-5FE8-4F84-B320-BDF973A782D6}.Release|Any CPU.ActiveCfg = Release|Any CPU
		{4E812102-5FE8-4F84-B320-BDF973A782D6}.Release|Any CPU.Build.0 = Release|Any CPU
		{AEC556FD-B394-4379-90E2-85BCA6B31A65}.Debug|Any CPU.ActiveCfg = Debug|Any CPU
		{AEC556FD-B394-4379-90E2-85BCA6B31A65}.Debug|Any CPU.Build.0 = Debug|Any CPU
		{AEC556FD-B394-4379-90E2-85BCA6B31A65}.Release|Any CPU.ActiveCfg = Release|Any CPU
		{AEC556FD-B394-4379-90E2-85BCA6B31A65}.Release|Any CPU.Build.0 = Release|Any CPU
	EndGlobalSection
	GlobalSection(SolutionProperties) = preSolution
		HideSolutionNode = FALSE
	EndGlobalSection
EndGlobal
